{
  "name": "app",
  "version": "0.0.0",
  "lockfileVersion": 1,
  "requires": true,
  "dependencies": {
    "@babel/parser": {
      "version": "7.22.7",
      "resolved": "https://nexus-ci.delta.sbrf.ru/repository/npm-lib-ext/@babel/parser/-/parser-7.22.7.tgz",
      "integrity": "sha1-34zwhc6S3b2/Zop/GGzoSMkDbK4="
    },
    "@esbuild/android-arm": {
      "version": "0.18.12",
      "resolved": "https://registry.npmjs.org/@esbuild/android-arm/-/android-arm-0.18.12.tgz",
      "integrity": "sha512-LIxaNIQfkFZbTLb4+cX7dozHlAbAshhFE5PKdro0l+FnCpx1GDJaQ2WMcqm+ToXKMt8p8Uojk/MFRuGyz3V5Sw==",
      "dev": true,
      "optional": true
    },
    "@esbuild/android-arm64": {
      "version": "0.18.12",
      "resolved": "https://registry.npmjs.org/@esbuild/android-arm64/-/android-arm64-0.18.12.tgz",
      "integrity": "sha512-BMAlczRqC/LUt2P97E4apTBbkvS9JTJnp2DKFbCwpZ8vBvXVbNdqmvzW/OsdtI/+mGr+apkkpqGM8WecLkPgrA==",
      "dev": true,
      "optional": true
    },
    "@esbuild/android-x64": {
      "version": "0.18.12",
      "resolved": "https://registry.npmjs.org/@esbuild/android-x64/-/android-x64-0.18.12.tgz",
      "integrity": "sha512-zU5MyluNsykf5cOJ0LZZZjgAHbhPJ1cWfdH1ZXVMXxVMhEV0VZiZXQdwBBVvmvbF28EizeK7obG9fs+fpmS0eQ==",
      "dev": true,
      "optional": true
    },
    "@esbuild/darwin-arm64": {
      "version": "0.18.12",
      "resolved": "https://registry.npmjs.org/@esbuild/darwin-arm64/-/darwin-arm64-0.18.12.tgz",
      "integrity": "sha512-zUZMep7YONnp6954QOOwEBwFX9svlKd3ov6PkxKd53LGTHsp/gy7vHaPGhhjBmEpqXEXShi6dddjIkmd+NgMsA==",
      "dev": true,
      "optional": true
    },
    "@esbuild/darwin-x64": {
      "version": "0.18.12",
      "resolved": "https://nexus-ci.delta.sbrf.ru/repository/npm-lib-ext/@esbuild/darwin-x64/-/darwin-x64-0.18.12.tgz",
      "integrity": "sha1-ECnPvV/iLlQmRw3uY1EbM+7rgSc=",
      "dev": true,
      "optional": true
    },
    "@esbuild/freebsd-arm64": {
      "version": "0.18.12",
      "resolved": "https://registry.npmjs.org/@esbuild/freebsd-arm64/-/freebsd-arm64-0.18.12.tgz",
      "integrity": "sha512-GIIHtQXqgeOOqdG16a/A9N28GpkvjJnjYMhOnXVbn3EDJcoItdR58v/pGN31CHjyXDc8uCcRnFWmqaJt24AYJg==",
      "dev": true,
      "optional": true
    },
    "@esbuild/freebsd-x64": {
      "version": "0.18.12",
      "resolved": "https://registry.npmjs.org/@esbuild/freebsd-x64/-/freebsd-x64-0.18.12.tgz",
      "integrity": "sha512-zK0b9a1/0wZY+6FdOS3BpZcPc1kcx2G5yxxfEJtEUzVxI6n/FrC2Phsxj/YblPuBchhBZ/1wwn7AyEBUyNSa6g==",
      "dev": true,
      "optional": true
    },
    "@esbuild/linux-arm": {
      "version": "0.18.12",
      "resolved": "https://registry.npmjs.org/@esbuild/linux-arm/-/linux-arm-0.18.12.tgz",
      "integrity": "sha512-y75OijvrBE/1XRrXq1jtrJfG26eHeMoqLJ2dwQNwviwTuTtHGCojsDO6BJNF8gU+3jTn1KzJEMETytwsFSvc+Q==",
      "dev": true,
      "optional": true
    },
    "@esbuild/linux-arm64": {
      "version": "0.18.12",
      "resolved": "https://registry.npmjs.org/@esbuild/linux-arm64/-/linux-arm64-0.18.12.tgz",
      "integrity": "sha512-JKgG8Q/LL/9sw/iHHxQyVMoQYu3rU3+a5Z87DxC+wAu3engz+EmctIrV+FGOgI6gWG1z1+5nDDbXiRMGQZXqiw==",
      "dev": true,
      "optional": true
    },
    "@esbuild/linux-ia32": {
      "version": "0.18.12",
      "resolved": "https://registry.npmjs.org/@esbuild/linux-ia32/-/linux-ia32-0.18.12.tgz",
      "integrity": "sha512-yoRIAqc0B4lDIAAEFEIu9ttTRFV84iuAl0KNCN6MhKLxNPfzwCBvEMgwco2f71GxmpBcTtn7KdErueZaM2rEvw==",
      "dev": true,
      "optional": true
    },
    "@esbuild/linux-loong64": {
      "version": "0.18.12",
      "resolved": "https://registry.npmjs.org/@esbuild/linux-loong64/-/linux-loong64-0.18.12.tgz",
      "integrity": "sha512-qYgt3dHPVvf/MgbIBpJ4Sup/yb9DAopZ3a2JgMpNKIHUpOdnJ2eHBo/aQdnd8dJ21X/+sS58wxHtA9lEazYtXQ==",
      "dev": true,
      "optional": true
    },
    "@esbuild/linux-mips64el": {
      "version": "0.18.12",
      "resolved": "https://registry.npmjs.org/@esbuild/linux-mips64el/-/linux-mips64el-0.18.12.tgz",
      "integrity": "sha512-wHphlMLK4ufNOONqukELfVIbnGQJrHJ/mxZMMrP2jYrPgCRZhOtf0kC4yAXBwnfmULimV1qt5UJJOw4Kh13Yfg==",
      "dev": true,
      "optional": true
    },
    "@esbuild/linux-ppc64": {
      "version": "0.18.12",
      "resolved": "https://registry.npmjs.org/@esbuild/linux-ppc64/-/linux-ppc64-0.18.12.tgz",
      "integrity": "sha512-TeN//1Ft20ZZW41+zDSdOI/Os1bEq5dbvBvYkberB7PHABbRcsteeoNVZFlI0YLpGdlBqohEpjrn06kv8heCJg==",
      "dev": true,
      "optional": true
    },
    "@esbuild/linux-riscv64": {
      "version": "0.18.12",
      "resolved": "https://registry.npmjs.org/@esbuild/linux-riscv64/-/linux-riscv64-0.18.12.tgz",
      "integrity": "sha512-AgUebVS4DoAblBgiB2ACQ/8l4eGE5aWBb8ZXtkXHiET9mbj7GuWt3OnsIW/zX+XHJt2RYJZctbQ2S/mDjbp0UA==",
      "dev": true,
      "optional": true
    },
    "@esbuild/linux-s390x": {
      "version": "0.18.12",
      "resolved": "https://registry.npmjs.org/@esbuild/linux-s390x/-/linux-s390x-0.18.12.tgz",
      "integrity": "sha512-dJ3Rb3Ei2u/ysSXd6pzleGtfDdc2MuzKt8qc6ls8vreP1G3B7HInX3i7gXS4BGeVd24pp0yqyS7bJ5NHaI9ing==",
      "dev": true,
      "optional": true
    },
    "@esbuild/linux-x64": {
      "version": "0.18.12",
      "resolved": "https://nexus-ci.delta.sbrf.ru/repository/npm-lib-ext/@esbuild/linux-x64/-/linux-x64-0.18.12.tgz",
      "integrity": "sha1-Bdm0r4CPr1/NebVl8Yb/hqoxtbE=",
      "dev": true,
      "optional": true
    },
    "@esbuild/netbsd-x64": {
      "version": "0.18.12",
      "resolved": "https://registry.npmjs.org/@esbuild/netbsd-x64/-/netbsd-x64-0.18.12.tgz",
      "integrity": "sha512-55FzVCAiwE9FK8wWeCRuvjazNRJ1QqLCYGZVB6E8RuQuTeStSwotpSW4xoRGwp3a1wUsaVCdYcj5LGCASVJmMg==",
      "dev": true,
      "optional": true
    },
    "@esbuild/openbsd-x64": {
      "version": "0.18.12",
      "resolved": "https://registry.npmjs.org/@esbuild/openbsd-x64/-/openbsd-x64-0.18.12.tgz",
      "integrity": "sha512-qnluf8rfb6Y5Lw2tirfK2quZOBbVqmwxut7GPCIJsM8lc4AEUj9L8y0YPdLaPK0TECt4IdyBdBD/KRFKorlK3g==",
      "dev": true,
      "optional": true
    },
    "@esbuild/sunos-x64": {
      "version": "0.18.12",
      "resolved": "https://registry.npmjs.org/@esbuild/sunos-x64/-/sunos-x64-0.18.12.tgz",
      "integrity": "sha512-+RkKpVQR7bICjTOPUpkTBTaJ4TFqQBX5Ywyd/HSdDkQGn65VPkTsR/pL4AMvuMWy+wnXgIl4EY6q4mVpJal8Kg==",
      "dev": true,
      "optional": true
    },
    "@esbuild/win32-arm64": {
      "version": "0.18.12",
      "resolved": "https://registry.npmjs.org/@esbuild/win32-arm64/-/win32-arm64-0.18.12.tgz",
      "integrity": "sha512-GNHuciv0mFM7ouzsU0+AwY+7eV4Mgo5WnbhfDCQGtpvOtD1vbOiRjPYG6dhmMoFyBjj+pNqQu2X+7DKn0KQ/Gw==",
      "dev": true,
      "optional": true
    },
    "@esbuild/win32-ia32": {
      "version": "0.18.12",
      "resolved": "https://registry.npmjs.org/@esbuild/win32-ia32/-/win32-ia32-0.18.12.tgz",
      "integrity": "sha512-kR8cezhYipbbypGkaqCTWIeu4zID17gamC8YTPXYtcN3E5BhhtTnwKBn9I0PJur/T6UVwIEGYzkffNL0lFvxEw==",
      "dev": true,
      "optional": true
    },
    "@esbuild/win32-x64": {
      "version": "0.18.12",
      "resolved": "https://registry.npmjs.org/@esbuild/win32-x64/-/win32-x64-0.18.12.tgz",
      "integrity": "sha512-O0UYQVkvfM/jO8a4OwoV0mAKSJw+mjWTAd1MJd/1FCX6uiMdLmMRPK/w6e9OQ0ob2WGxzIm9va/KG0Ja4zIOgg==",
      "dev": true,
      "optional": true
    },
    "@jridgewell/sourcemap-codec": {
      "version": "1.4.15",
      "resolved": "https://nexus-ci.delta.sbrf.ru/repository/npm-lib-ext/@jridgewell/sourcemap-codec/-/sourcemap-codec-1.4.15.tgz",
      "integrity": "sha1-18bmdVx4VnqVHgSrUu8P0m3lnzI="
    },
    "@nuxt/opencollective": {
      "version": "0.3.2",
      "resolved": "https://nexus-ci.delta.sbrf.ru/repository/npm-lib-ext/@nuxt/opencollective/-/opencollective-0.3.2.tgz",
      "integrity": "sha1-g8twzbK6xfrW+Mk1KeexEYfUnAI=",
      "requires": {
        "chalk": "^4.1.0",
        "consola": "^2.15.0",
        "node-fetch": "^2.6.1"
      }
    },
    "@popperjs/core": {
      "version": "2.9.3",
      "resolved": "https://nexus-ci.delta.sbrf.ru/repository/npm-lib-ext/@popperjs/core/-/core-2.9.3.tgz",
      "integrity": "sha1-i2jaHr1/xgOZnPbr7jSkiZoUuI4="
    },
    "@vitejs/plugin-vue": {
      "version": "4.2.3",
      "resolved": "https://nexus-ci.delta.sbrf.ru/repository/npm-lib-ext/@vitejs/plugin-vue/-/plugin-vue-4.2.3.tgz",
      "integrity": "sha1-7gtt/MYv5lNk5jlb84+iuhC7RLY=",
      "dev": true
    },
    "@vue/compiler-core": {
      "version": "3.3.4",
      "resolved": "https://nexus-ci.delta.sbrf.ru/repository/npm-lib-ext/@vue/compiler-core/-/compiler-core-3.3.4.tgz",
      "integrity": "sha1-f79ZHBwZ4azSj/0oRSbpi09YESg=",
      "requires": {
        "@babel/parser": "^7.21.3",
        "@vue/shared": "3.3.4",
        "estree-walker": "^2.0.2",
        "source-map-js": "^1.0.2"
      }
    },
    "@vue/compiler-dom": {
      "version": "3.3.4",
      "resolved": "https://nexus-ci.delta.sbrf.ru/repository/npm-lib-ext/@vue/compiler-dom/-/compiler-dom-3.3.4.tgz",
      "integrity": "sha1-9W4JtfTX3DUPmBeE3pcT2CM0EVE=",
      "requires": {
        "@vue/compiler-core": "3.3.4",
        "@vue/shared": "3.3.4"
      }
    },
    "@vue/compiler-sfc": {
      "version": "3.3.4",
      "resolved": "https://nexus-ci.delta.sbrf.ru/repository/npm-lib-ext/@vue/compiler-sfc/-/compiler-sfc-3.3.4.tgz",
      "integrity": "sha1-sZ2ULHGTiJNTW0YibWAnIFkwAd8=",
      "requires": {
        "@babel/parser": "^7.20.15",
        "@vue/compiler-core": "3.3.4",
        "@vue/compiler-dom": "3.3.4",
        "@vue/compiler-ssr": "3.3.4",
        "@vue/reactivity-transform": "3.3.4",
        "@vue/shared": "3.3.4",
        "estree-walker": "^2.0.2",
        "magic-string": "^0.30.0",
        "postcss": "^8.1.10",
        "source-map-js": "^1.0.2"
      }
    },
    "@vue/compiler-ssr": {
      "version": "3.3.4",
      "resolved": "https://nexus-ci.delta.sbrf.ru/repository/npm-lib-ext/@vue/compiler-ssr/-/compiler-ssr-3.3.4.tgz",
      "integrity": "sha1-nRN5q/+k8rDNhEF0zuxKlyETh3c=",
      "requires": {
        "@vue/compiler-dom": "3.3.4",
        "@vue/shared": "3.3.4"
      }
    },
    "@vue/reactivity": {
      "version": "3.3.4",
      "resolved": "https://nexus-ci.delta.sbrf.ru/repository/npm-lib-ext/@vue/reactivity/-/reactivity-3.3.4.tgz",
      "integrity": "sha1-onopxs0X+rpaDpn7uG7pUWU+IlM=",
      "requires": {
        "@vue/shared": "3.3.4"
      }
    },
    "@vue/reactivity-transform": {
      "version": "3.3.4",
      "resolved": "https://nexus-ci.delta.sbrf.ru/repository/npm-lib-ext/@vue/reactivity-transform/-/reactivity-transform-3.3.4.tgz",
      "integrity": "sha1-UpCEduNNamXGwhzSci1B7YrlGSk=",
      "requires": {
        "@babel/parser": "^7.20.15",
        "@vue/compiler-core": "3.3.4",
        "@vue/shared": "3.3.4",
        "estree-walker": "^2.0.2",
        "magic-string": "^0.30.0"
      }
    },
    "@vue/runtime-core": {
      "version": "3.3.4",
      "resolved": "https://nexus-ci.delta.sbrf.ru/repository/npm-lib-ext/@vue/runtime-core/-/runtime-core-3.3.4.tgz",
      "integrity": "sha1-S7M4cru1g3IbNA8wiIiDlBlZZ9E=",
      "requires": {
        "@vue/reactivity": "3.3.4",
        "@vue/shared": "3.3.4"
      }
    },
    "@vue/runtime-dom": {
      "version": "3.3.4",
      "resolved": "https://nexus-ci.delta.sbrf.ru/repository/npm-lib-ext/@vue/runtime-dom/-/runtime-dom-3.3.4.tgz",
      "integrity": "sha1-mS8ledDtbOlh9Hu+m/5LZ5ElFWY=",
      "requires": {
        "@vue/runtime-core": "3.3.4",
        "@vue/shared": "3.3.4",
        "csstype": "^3.1.1"
      }
    },
    "@vue/server-renderer": {
      "version": "3.3.4",
      "resolved": "https://nexus-ci.delta.sbrf.ru/repository/npm-lib-ext/@vue/server-renderer/-/server-renderer-3.3.4.tgz",
      "integrity": "sha1-6kZZS3ldFTbym8WS3Q9mVffqTEw=",
      "requires": {
        "@vue/compiler-ssr": "3.3.4",
        "@vue/shared": "3.3.4"
      }
    },
    "@vue/shared": {
      "version": "3.3.4",
      "resolved": "https://nexus-ci.delta.sbrf.ru/repository/npm-lib-ext/@vue/shared/-/shared-3.3.4.tgz",
      "integrity": "sha1-Bug8UCf0ZO74YcMpvoFFS8i3B4A="
    },
    "ansi-styles": {
      "version": "4.3.0",
      "resolved": "https://nexus-ci.delta.sbrf.ru/repository/npm-lib-ext/ansi-styles/-/ansi-styles-4.3.0.tgz",
      "integrity": "sha1-7dgDYornHATIWuegkG7a00tkiTc=",
      "requires": {
        "color-convert": "^2.0.1"
      }
    },
    "anymatch": {
      "version": "3.1.3",
      "resolved": "https://nexus-ci.delta.sbrf.ru/repository/npm-lib-ext/anymatch/-/anymatch-3.1.3.tgz",
      "integrity": "sha1-eQxYsZuhcgqEIFtXxhjVrYUklz4=",
      "dev": true,
      "requires": {
        "normalize-path": "^3.0.0",
        "picomatch": "^2.0.4"
      }
    },
    "binary-extensions": {
      "version": "2.2.0",
      "resolved": "https://nexus-ci.delta.sbrf.ru/repository/npm-lib-ext/binary-extensions/-/binary-extensions-2.2.0.tgz",
      "integrity": "sha1-dfUC7q+f/eQvyYgpZFvk6na9ni0=",
      "dev": true
    },
    "bootstrap": {
      "version": "5.3.0",
      "resolved": "https://nexus-ci.delta.sbrf.ru/repository/npm-lib-ext/bootstrap/-/bootstrap-5.3.0.tgz",
      "integrity": "sha1-BxinzCkEDujb8b1lK4lvNDaofCk="
    },
    "bootstrap-vue": {
      "version": "2.23.1",
      "resolved": "https://nexus-ci.delta.sbrf.ru/repository/npm-lib-ext/bootstrap-vue/-/bootstrap-vue-2.23.1.tgz",
      "integrity": "sha1-j4ZvfNon6w5+E6C+qNVdj8eoIZk=",
      "requires": {
        "@nuxt/opencollective": "^0.3.2",
        "bootstrap": "^4.6.1",
        "popper.js": "^1.16.1",
        "portal-vue": "^2.1.7",
        "vue-functional-data-merge": "^3.1.0"
      },
      "dependencies": {
        "bootstrap": {
          "version": "4.6.2",
          "resolved": "https://nexus-ci.delta.sbrf.ru/repository/npm-lib-ext/bootstrap/-/bootstrap-4.6.2.tgz",
          "integrity": "sha1-jgzWFhFyilv2WjorjW/2x31ddHk="
        }
      }
    },
    "braces": {
      "version": "3.0.2",
      "resolved": "https://nexus-ci.delta.sbrf.ru/repository/npm-lib-ext/braces/-/braces-3.0.2.tgz",
      "integrity": "sha1-NFThpGLujVmeI23zNs2epPiv4Qc=",
      "dev": true,
      "requires": {
        "fill-range": "^7.0.1"
      }
    },
    "chalk": {
      "version": "4.1.2",
      "resolved": "https://nexus-ci.delta.sbrf.ru/repository/npm-lib-ext/chalk/-/chalk-4.1.2.tgz",
      "integrity": "sha1-qsTit3NKdAhnrrFr8CqtVWoeegE=",
      "requires": {
        "ansi-styles": "^4.1.0",
        "supports-color": "^7.1.0"
      }
    },
    "chokidar": {
      "version": "3.5.3",
      "resolved": "https://nexus-ci.delta.sbrf.ru/repository/npm-lib-ext/chokidar/-/chokidar-3.5.3.tgz",
      "integrity": "sha1-HPN8hwe5Mr0a8a4iwEMuKs0ZA70=",
      "dev": true,
      "requires": {
        "anymatch": "~3.1.2",
        "braces": "~3.0.2",
        "fsevents": "~2.3.2",
        "glob-parent": "~5.1.2",
        "is-binary-path": "~2.1.0",
        "is-glob": "~4.0.1",
        "normalize-path": "~3.0.0",
        "readdirp": "~3.6.0"
      }
    },
    "color-convert": {
      "version": "2.0.1",
      "resolved": "https://nexus-ci.delta.sbrf.ru/repository/npm-lib-ext/color-convert/-/color-convert-2.0.1.tgz",
      "integrity": "sha1-ctOmjVmMm9s68q0ehPIdiWq9TeM=",
      "requires": {
        "color-name": "~1.1.4"
      }
    },
    "color-name": {
      "version": "1.1.4",
      "resolved": "https://nexus-ci.delta.sbrf.ru/repository/npm-lib-ext/color-name/-/color-name-1.1.4.tgz",
      "integrity": "sha1-wqCah6y95pVD3m9j+jmVyCbFNqI="
    },
    "consola": {
      "version": "2.15.3",
      "resolved": "https://nexus-ci.delta.sbrf.ru/repository/npm-lib-ext/consola/-/consola-2.15.3.tgz",
      "integrity": "sha1-LhH5jWpL5x/3LgvfB70j4Sy2FVA="
    },
    "csstype": {
      "version": "3.1.2",
      "resolved": "https://nexus-ci.delta.sbrf.ru/repository/npm-lib-ext/csstype/-/csstype-3.1.2.tgz",
      "integrity": "sha1-HUv51XLxHBQDHwQ24cELwfVx9Qs="
    },
    "esbuild": {
      "version": "0.18.12",
      "resolved": "https://nexus-ci.delta.sbrf.ru/repository/npm-lib-ext/esbuild/-/esbuild-0.18.12.tgz",
      "integrity": "sha1-hh03zDIax5fQWfIh2doSrP5VU1A=",
      "dev": true,
      "requires": {
        "@esbuild/android-arm": "0.18.12",
        "@esbuild/android-arm64": "0.18.12",
        "@esbuild/android-x64": "0.18.12",
        "@esbuild/darwin-arm64": "0.18.12",
        "@esbuild/darwin-x64": "0.18.12",
        "@esbuild/freebsd-arm64": "0.18.12",
        "@esbuild/freebsd-x64": "0.18.12",
        "@esbuild/linux-arm": "0.18.12",
        "@esbuild/linux-arm64": "0.18.12",
        "@esbuild/linux-ia32": "0.18.12",
        "@esbuild/linux-loong64": "0.18.12",
        "@esbuild/linux-mips64el": "0.18.12",
        "@esbuild/linux-ppc64": "0.18.12",
        "@esbuild/linux-riscv64": "0.18.12",
        "@esbuild/linux-s390x": "0.18.12",
        "@esbuild/linux-x64": "0.18.12",
        "@esbuild/netbsd-x64": "0.18.12",
        "@esbuild/openbsd-x64": "0.18.12",
        "@esbuild/sunos-x64": "0.18.12",
        "@esbuild/win32-arm64": "0.18.12",
        "@esbuild/win32-ia32": "0.18.12",
        "@esbuild/win32-x64": "0.18.12"
      }
    },
    "estree-walker": {
      "version": "2.0.2",
      "resolved": "https://nexus-ci.delta.sbrf.ru/repository/npm-lib-ext/estree-walker/-/estree-walker-2.0.2.tgz",
      "integrity": "sha1-UvAQF4wqTBF6d1fP6UKtt9LaTKw="
    },
    "fill-range": {
      "version": "7.0.1",
      "resolved": "https://nexus-ci.delta.sbrf.ru/repository/npm-lib-ext/fill-range/-/fill-range-7.0.1.tgz",
      "integrity": "sha1-GRmmp8df44ssfHflGYU12prN2kA=",
      "dev": true,
      "requires": {
        "to-regex-range": "^5.0.1"
      }
    },
    "fsevents": {
      "version": "2.3.2",
      "resolved": "https://nexus-ci.delta.sbrf.ru/repository/npm-lib-ext/fsevents/-/fsevents-2.3.2.tgz",
      "integrity": "sha1-ilJveLj99GI7cJ4Ll1xSwkwC/Ro=",
      "dev": true,
      "optional": true
    },
    "glob-parent": {
      "version": "5.1.2",
      "resolved": "https://nexus-ci.delta.sbrf.ru/repository/npm-lib-ext/glob-parent/-/glob-parent-5.1.2.tgz",
      "integrity": "sha1-hpgyxYA0/mikCTwX3BXoNA2EAcQ=",
      "dev": true,
      "requires": {
        "is-glob": "^4.0.1"
      }
    },
    "has-flag": {
      "version": "4.0.0",
      "resolved": "https://nexus-ci.delta.sbrf.ru/repository/npm-lib-ext/has-flag/-/has-flag-4.0.0.tgz",
      "integrity": "sha1-lEdx/ZyByBJlxNaUGGDaBrtZR5s="
    },
    "immutable": {
      "version": "4.3.1",
      "resolved": "https://nexus-ci.delta.sbrf.ru/repository/npm-lib-ext/immutable/-/immutable-4.3.1.tgz",
      "integrity": "sha1-F5iLNWCXqwcZ4vdB1W8+xsMX+dw=",
      "dev": true
    },
    "is-binary-path": {
      "version": "2.1.0",
      "resolved": "https://nexus-ci.delta.sbrf.ru/repository/npm-lib-ext/is-binary-path/-/is-binary-path-2.1.0.tgz",
      "integrity": "sha1-6h9/O4DwZCNug0cPhsCcJU+0Wwk=",
      "dev": true,
      "requires": {
        "binary-extensions": "^2.0.0"
      }
    },
    "is-extglob": {
      "version": "2.1.1",
      "resolved": "https://nexus-ci.delta.sbrf.ru/repository/npm-lib-ext/is-extglob/-/is-extglob-2.1.1.tgz",
      "integrity": "sha1-qIwCU1eR8C7TfHahueqXc8gz+MI=",
      "dev": true
    },
    "is-glob": {
      "version": "4.0.3",
      "resolved": "https://nexus-ci.delta.sbrf.ru/repository/npm-lib-ext/is-glob/-/is-glob-4.0.3.tgz",
      "integrity": "sha1-ZPYeQsu7LuwgcanawLKLoeZdUIQ=",
      "dev": true,
      "requires": {
        "is-extglob": "^2.1.1"
      }
    },
    "is-number": {
      "version": "7.0.0",
      "resolved": "https://nexus-ci.delta.sbrf.ru/repository/npm-lib-ext/is-number/-/is-number-7.0.0.tgz",
      "integrity": "sha1-dTU0W4lnNNX4DE0GxQlVUnoU8Ss=",
      "dev": true
    },
    "magic-string": {
      "version": "0.30.1",
      "resolved": "https://nexus-ci.delta.sbrf.ru/repository/npm-lib-ext/magic-string/-/magic-string-0.30.1.tgz",
      "integrity": "sha1-zlzUsKgaXQMr1pqrRSIpmyFmKE0=",
      "requires": {
        "@jridgewell/sourcemap-codec": "^1.4.15"
      }
    },
    "nanoid": {
      "version": "3.3.6",
      "resolved": "https://nexus-ci.delta.sbrf.ru/repository/npm-lib-ext/nanoid/-/nanoid-3.3.6.tgz",
      "integrity": "sha1-RDOAyFbW6fmCQmfZYLQjatWD6kw="
    },
    "node-fetch": {
      "version": "2.6.11",
      "resolved": "https://nexus-ci.delta.sbrf.ru/repository/npm-lib-ext/node-fetch/-/node-fetch-2.6.11.tgz",
      "integrity": "sha1-zef8cd7vMTHvgKc4kZ+Znm7f/yU=",
      "requires": {
        "whatwg-url": "^5.0.0"
      }
    },
    "normalize-path": {
      "version": "3.0.0",
      "resolved": "https://nexus-ci.delta.sbrf.ru/repository/npm-lib-ext/normalize-path/-/normalize-path-3.0.0.tgz",
      "integrity": "sha1-Dc1p/yOhybEf0JeDFmRKA4ghamU=",
      "dev": true
    },
    "picocolors": {
      "version": "1.0.0",
      "resolved": "https://nexus-ci.delta.sbrf.ru/repository/npm-lib-ext/picocolors/-/picocolors-1.0.0.tgz",
      "integrity": "sha1-y1vcdP8/UYkiNur3nWi8RFZKuBw="
    },
    "picomatch": {
      "version": "2.3.1",
      "resolved": "https://nexus-ci.delta.sbrf.ru/repository/npm-lib-ext/picomatch/-/picomatch-2.3.1.tgz",
      "integrity": "sha1-O6ODNzNkbZ0+SZWUbBNlpn+wekI=",
      "dev": true
    },
    "popper.js": {
      "version": "1.16.1",
      "resolved": "https://nexus-ci.delta.sbrf.ru/repository/npm-lib-ext/popper.js/-/popper.js-1.16.1.tgz",
      "integrity": "sha1-KiI8s9x7YhPXQOQDcr5A3kPmWxs="
    },
    "portal-vue": {
      "version": "2.1.7",
      "resolved": "https://nexus-ci.delta.sbrf.ru/repository/npm-lib-ext/portal-vue/-/portal-vue-2.1.7.tgz",
      "integrity": "sha1-6ggGmyW2QMoIpbhvZ8YS8V9OStQ="
    },
    "postcss": {
      "version": "8.4.25",
      "resolved": "https://nexus-ci.delta.sbrf.ru/repository/npm-lib-ext/postcss/-/postcss-8.4.25.tgz",
      "integrity": "sha1-ShM/Xjee2n9h6QbDsaqpuBKScm8=",
      "requires": {
        "nanoid": "^3.3.6",
        "picocolors": "^1.0.0",
        "source-map-js": "^1.0.2"
      }
    },
    "readdirp": {
      "version": "3.6.0",
      "resolved": "https://nexus-ci.delta.sbrf.ru/repository/npm-lib-ext/readdirp/-/readdirp-3.6.0.tgz",
      "integrity": "sha1-dKNwvYVxFuJFspzJc0DNQxoCpsc=",
      "dev": true,
      "requires": {
        "picomatch": "^2.2.1"
      }
    },
    "rollup": {
      "version": "3.26.2",
      "resolved": "https://nexus-ci.delta.sbrf.ru/repository/npm-lib-ext/rollup/-/rollup-3.26.2.tgz",
      "integrity": "sha1-LnajdgbLUj/J/vQ+b1nJP4bZXnw=",
      "dev": true,
      "requires": {
        "fsevents": "~2.3.2"
      }
    },
    "sass": {
      "version": "1.63.6",
      "resolved": "https://nexus-ci.delta.sbrf.ru/repository/npm-lib-ext/sass/-/sass-1.63.6.tgz",
      "integrity": "sha1-SBYQ5hKQLgwxxGtGzy2tZpQyg+o=",
      "dev": true,
      "requires": {
        "chokidar": ">=3.0.0 <4.0.0",
        "immutable": "^4.0.0",
        "source-map-js": ">=0.6.2 <2.0.0"
      }
    },
    "source-map-js": {
      "version": "1.0.2",
      "resolved": "https://nexus-ci.delta.sbrf.ru/repository/npm-lib-ext/source-map-js/-/source-map-js-1.0.2.tgz",
      "integrity": "sha1-rbw2HZxi3zgBJefxYfccgm8eSQw="
    },
    "supports-color": {
      "version": "7.2.0",
      "resolved": "https://nexus-ci.delta.sbrf.ru/repository/npm-lib-ext/supports-color/-/supports-color-7.2.0.tgz",
      "integrity": "sha1-G33NyzK4E4gBs+R4umpRyqiWSNo=",
      "requires": {
        "has-flag": "^4.0.0"
      }
    },
    "to-regex-range": {
      "version": "5.0.1",
      "resolved": "https://nexus-ci.delta.sbrf.ru/repository/npm-lib-ext/to-regex-range/-/to-regex-range-5.0.1.tgz",
      "integrity": "sha1-FkjESq58jZiKMmAY7XL1tN0DkuQ=",
      "dev": true,
      "requires": {
        "is-number": "^7.0.0"
      }
    },
    "tr46": {
      "version": "0.0.3",
      "resolved": "https://nexus-ci.delta.sbrf.ru/repository/npm-lib-ext/tr46/-/tr46-0.0.3.tgz",
      "integrity": "sha1-gYT9NH2snNwYWZLzpmIuFLnZq2o="
    },
    "vite": {
      "version": "4.4.3",
      "resolved": "https://nexus-ci.delta.sbrf.ru/repository/npm-lib-ext/vite/-/vite-4.4.3.tgz",
      "integrity": "sha1-36+G9MujBYvyck4uLIglT7DyGlo=",
      "dev": true,
      "requires": {
        "esbuild": "^0.18.10",
        "fsevents": "~2.3.2",
        "postcss": "^8.4.25",
        "rollup": "^3.25.2"
      }
    },
    "vue": {
      "version": "3.3.4",
      "resolved": "https://nexus-ci.delta.sbrf.ru/repository/npm-lib-ext/vue/-/vue-3.3.4.tgz",
      "integrity": "sha1-jtlF04c2Z98dD887JGOtoCj4i9Y=",
      "requires": {
        "@vue/compiler-dom": "3.3.4",
        "@vue/compiler-sfc": "3.3.4",
        "@vue/runtime-dom": "3.3.4",
        "@vue/server-renderer": "3.3.4",
        "@vue/shared": "3.3.4"
      }
    },
    "vue-functional-data-merge": {
      "version": "3.1.0",
      "resolved": "https://nexus-ci.delta.sbrf.ru/repository/npm-lib-ext/vue-functional-data-merge/-/vue-functional-data-merge-3.1.0.tgz",
      "integrity": "sha1-CKd5dYO381aAWH+KHVHXKaodxlc="
    },
    "webidl-conversions": {
      "version": "3.0.1",
      "resolved": "https://nexus-ci.delta.sbrf.ru/repository/npm-lib-ext/webidl-conversions/-/webidl-conversions-3.0.1.tgz",
      "integrity": "sha1-JFNCdeKnvGvnvIZhHMFq4KVlSHE="
    },
    "whatwg-url": {
      "version": "5.0.0",
      "resolved": "https://nexus-ci.delta.sbrf.ru/repository/npm-lib-ext/whatwg-url/-/whatwg-url-5.0.0.tgz",
      "integrity": "sha1-lmRU6HZUYuN2RNNib2dCzotwll0=",
      "requires": {
        "tr46": "~0.0.3",
        "webidl-conversions": "^3.0.0"
      }
    }
  }
}
